
Microsoft Visual Studio Solution File, Format Version 12.00
# Visual Studio Version 17
VisualStudioVersion = 17.14.36705.20
MinimumVisualStudioVersion = 10.0.40219.1
Project("{FAE04EC0-301F-11D3-BF4B-00C04F79EFBC}") = "TradingApp.WinUI", "TradingApp.WinUI\TradingApp.WinUI.csproj", "{A0D114E2-5CA5-E970-2E62-57901A51D6CD}"
EndProject
Project("{FAE04EC0-301F-11D3-BF4B-00C04F79EFBC}") = "TradingApp.WebApi", "TradingApp.WebApi\TradingApp.WebApi.csproj", "{B31E1D80-6218-3769-AED2-3013E6630166}"
EndProject
Global
	GlobalSection(SolutionConfigurationPlatforms) = preSolution
		Debug|Any CPU = Debug|Any CPU
		Release|Any CPU = Release|Any CPU
	EndGlobalSection
	GlobalSection(ProjectConfigurationPlatforms) = postSolution
		{A0D114E2-5CA5-E970-2E62-57901A51D6CD}.Debug|Any CPU.ActiveCfg = Debug|Any CPU
		{A0D114E2-5CA5-E970-2E62-57901A51D6CD}.Debug|Any CPU.Build.0 = Debug|Any CPU
		{A0D114E2-5CA5-E970-2E62-57901A51D6CD}.Release|Any CPU.ActiveCfg = Release|Any CPU
		{A0D114E2-5CA5-E970-2E62-57901A51D6CD}.Release|Any CPU.Build.0 = Release|Any CPU
		{B31E1D80-6218-3769-AED2-3013E6630166}.Debug|Any CPU.ActiveCfg = Debug|Any CPU
		{B31E1D80-6218-3769-AED2-3013E6630166}.Debug|Any CPU.Build.0 = Debug|Any CPU
		{B31E1D80-6218-3769-AED2-3013E6630166}.Release|Any CPU.ActiveCfg = Release|Any CPU
		{B31E1D80-6218-3769-AED2-3013E6630166}.Release|Any CPU.Build.0 = Release|Any CPU
	EndGlobalSection
	GlobalSection(SolutionProperties) = preSolution
		HideSolutionNode = FALSE
	EndGlobalSection
	GlobalSection(ExtensibilityGlobals) = postSolution
		SolutionGuid = {F883705D-234D-4D98-AEBA-77B039883EF8}
	EndGlobalSection
EndGlobal
